
Microsoft Visual Studio Solution File, Format Version 12.00
Project("{FAE04EC0-301F-11D3-BF4B-00C04F79EFBC}") = "dccg2pem", "dccg2pem\dccg2pem.csproj", "{6331C163-D2E0-4D17-BEEE-146338DB8CF3}"
EndProject
Global
	GlobalSection(SolutionConfigurationPlatforms) = preSolution
		Debug|Any CPU = Debug|Any CPU
		Release|Any CPU = Release|Any CPU
	EndGlobalSection
	GlobalSection(ProjectConfigurationPlatforms) = postSolution
		{6331C163-D2E0-4D17-BEEE-146338DB8CF3}.Debug|Any CPU.ActiveCfg = Debug|Any CPU
		{6331C163-D2E0-4D17-BEEE-146338DB8CF3}.Debug|Any CPU.Build.0 = Debug|Any CPU
		{6331C163-D2E0-4D17-BEEE-146338DB8CF3}.Release|Any CPU.ActiveCfg = Release|Any CPU
		{6331C163-D2E0-4D17-BEEE-146338DB8CF3}.Release|Any CPU.Build.0 = Release|Any CPU
	EndGlobalSection
EndGlobal
